{
	"name": "preact-v8-proxy",
	"version": "0.0.0",
	"lockfileVersion": 1,
	"requires": true,
	"dependencies": {
		"preact": {
			"version": "8.5.3",
			"resolved": "https://registry.npmjs.org/preact/-/preact-8.5.3.tgz",
			"integrity": "sha512-O3kKP+1YdgqHOFsZF2a9JVdtqD+RPzCQc3rP+Ualf7V6rmRDchZ9MJbiGTT7LuyqFKZqlHSOyO/oMFmI2lVTsw=="
		}
	}
}
